
Microsoft Visual Studio Solution File, Format Version 12.00
# Visual Studio Version 17
VisualStudioVersion = 17.2.32519.379
MinimumVisualStudioVersion = 10.0.40219.1
Project("{FAE04EC0-301F-11D3-BF4B-00C04F79EFBC}") = "Lesson06.Example", "Lesson06.Example\Lesson06.Example.csproj", "{40F7A82D-7FFC-488B-8817-A1922C21CFD1}"
EndProject
Global
	GlobalSection(SolutionConfigurationPlatforms) = preSolution
		Debug|Any CPU = Debug|Any CPU
		Release|Any CPU = Release|Any CPU
	EndGlobalSection
	GlobalSection(ProjectConfigurationPlatforms) = postSolution
		{40F7A82D-7FFC-488B-8817-A1922C21CFD1}.Debug|Any CPU.ActiveCfg = Debug|Any CPU
		{40F7A82D-7FFC-488B-8817-A1922C21CFD1}.Debug|Any CPU.Build.0 = Debug|Any CPU
		{40F7A82D-7FFC-488B-8817-A1922C21CFD1}.Release|Any CPU.ActiveCfg = Release|Any CPU
		{40F7A82D-7FFC-488B-8817-A1922C21CFD1}.Release|Any CPU.Build.0 = Release|Any CPU
	EndGlobalSection
	GlobalSection(SolutionProperties) = preSolution
		HideSolutionNode = FALSE
	EndGlobalSection
	GlobalSection(ExtensibilityGlobals) = postSolution
		SolutionGuid = {54B0B272-9854-4DBA-BFA0-2F8856543DC3}
	EndGlobalSection
EndGlobal
